// !$*UTF8*$!
{
	archiveVersion = 1;
	classes = {
	};
	objectVersion = 50;
	objects = {

/* Begin PBXBuildFile section */
		434D87B123116CE600F1DE59 /* AppDelegate.swift in Sources */ = {isa = PBXBuildFile; fileRef = 434D87B023116CE600F1DE59 /* AppDelegate.swift */; };
		434D87B323116CE600F1DE59 /* ViewController.swift in Sources */ = {isa = PBXBuildFile; fileRef = 434D87B223116CE600F1DE59 /* ViewController.swift */; };
		434D87B623116CE600F1DE59 /* Main.storyboard in Resources */ = {isa = PBXBuildFile; fileRef = 434D87B423116CE600F1DE59 /* Main.storyboard */; };
		434D87B823116CE800F1DE59 /* Assets.xcassets in Resources */ = {isa = PBXBuildFile; fileRef = 434D87B723116CE800F1DE59 /* Assets.xcassets */; };
		434D87BB23116CE800F1DE59 /* LaunchScreen.storyboard in Resources */ = {isa = PBXBuildFile; fileRef = 434D87B923116CE800F1DE59 /* LaunchScreen.storyboard */; };
		434D87C323116D5800F1DE59 /* GAHomeViewModel.swift in Sources */ = {isa = PBXBuildFile; fileRef = 434D87C223116D5800F1DE59 /* GAHomeViewModel.swift */; };
		434D87C523116DF100F1DE59 /* GAHomeMainModel.swift in Sources */ = {isa = PBXBuildFile; fileRef = 434D87C423116DF100F1DE59 /* GAHomeMainModel.swift */; };
		434D87C82311728A00F1DE59 /* GANetworkRegistrar.swift in Sources */ = {isa = PBXBuildFile; fileRef = 434D87C72311728A00F1DE59 /* GANetworkRegistrar.swift */; };
		434D87CA231173A200F1DE59 /* Reachablity.swift in Sources */ = {isa = PBXBuildFile; fileRef = 434D87C9231173A200F1DE59 /* Reachablity.swift */; };
		434D87CC231173E800F1DE59 /* GAUtility.swift in Sources */ = {isa = PBXBuildFile; fileRef = 434D87CB231173E800F1DE59 /* GAUtility.swift */; };
		434D87CE2311766100F1DE59 /* GAServiceHandler.swift in Sources */ = {isa = PBXBuildFile; fileRef = 434D87CD2311766100F1DE59 /* GAServiceHandler.swift */; };
		434D87D223118BF700F1DE59 /* GAFeedTableViewCell.swift in Sources */ = {isa = PBXBuildFile; fileRef = 434D87D123118BF700F1DE59 /* GAFeedTableViewCell.swift */; };
/* End PBXBuildFile section */

/* Begin PBXFileReference section */
		434D87AD23116CE600F1DE59 /* Gaana.app */ = {isa = PBXFileReference; explicitFileType = wrapper.application; includeInIndex = 0; path = Gaana.app; sourceTree = BUILT_PRODUCTS_DIR; };
		434D87B023116CE600F1DE59 /* AppDelegate.swift */ = {isa = PBXFileReference; lastKnownFileType = sourcecode.swift; path = AppDelegate.swift; sourceTree = "<group>"; };
		434D87B223116CE600F1DE59 /* ViewController.swift */ = {isa = PBXFileReference; lastKnownFileType = sourcecode.swift; path = ViewController.swift; sourceTree = "<group>"; };
		434D87B523116CE600F1DE59 /* Base */ = {isa = PBXFileReference; lastKnownFileType = file.storyboard; name = Base; path = Base.lproj/Main.storyboard; sourceTree = "<group>"; };
		434D87B723116CE800F1DE59 /* Assets.xcassets */ = {isa = PBXFileReference; lastKnownFileType = folder.assetcatalog; path = Assets.xcassets; sourceTree = "<group>"; };
		434D87BA23116CE800F1DE59 /* Base */ = {isa = PBXFileReference; lastKnownFileType = file.storyboard; name = Base; path = Base.lproj/LaunchScreen.storyboard; sourceTree = "<group>"; };
		434D87BC23116CE800F1DE59 /* Info.plist */ = {isa = PBXFileReference; lastKnownFileType = text.plist.xml; path = Info.plist; sourceTree = "<group>"; };
		434D87C223116D5800F1DE59 /* GAHomeViewModel.swift */ = {isa = PBXFileReference; lastKnownFileType = sourcecode.swift; path = GAHomeViewModel.swift; sourceTree = "<group>"; };
		434D87C423116DF100F1DE59 /* GAHomeMainModel.swift */ = {isa = PBXFileReference; lastKnownFileType = sourcecode.swift; path = GAHomeMainModel.swift; sourceTree = "<group>"; };
		434D87C72311728A00F1DE59 /* GANetworkRegistrar.swift */ = {isa = PBXFileReference; lastKnownFileType = sourcecode.swift; path = GANetworkRegistrar.swift; sourceTree = "<group>"; };
		434D87C9231173A200F1DE59 /* Reachablity.swift */ = {isa = PBXFileReference; fileEncoding = 4; lastKnownFileType = sourcecode.swift; path = Reachablity.swift; sourceTree = "<group>"; };
		434D87CB231173E800F1DE59 /* GAUtility.swift */ = {isa = PBXFileReference; lastKnownFileType = sourcecode.swift; path = GAUtility.swift; sourceTree = "<group>"; };
		434D87CD2311766100F1DE59 /* GAServiceHandler.swift */ = {isa = PBXFileReference; lastKnownFileType = sourcecode.swift; path = GAServiceHandler.swift; sourceTree = "<group>"; };
		434D87D123118BF700F1DE59 /* GAFeedTableViewCell.swift */ = {isa = PBXFileReference; lastKnownFileType = sourcecode.swift; path = GAFeedTableViewCell.swift; sourceTree = "<group>"; };
/* End PBXFileReference section */

/* Begin PBXFrameworksBuildPhase section */
		434D87AA23116CE600F1DE59 /* Frameworks */ = {
			isa = PBXFrameworksBuildPhase;
			buildActionMask = 2147483647;
			files = (
			);
			runOnlyForDeploymentPostprocessing = 0;
		};
/* End PBXFrameworksBuildPhase section */

/* Begin PBXGroup section */
		434D87A423116CE600F1DE59 = {
			isa = PBXGroup;
			children = (
				434D87AF23116CE600F1DE59 /* Gaana */,
				434D87AE23116CE600F1DE59 /* Products */,
			);
			sourceTree = "<group>";
		};
		434D87AE23116CE600F1DE59 /* Products */ = {
			isa = PBXGroup;
			children = (
				434D87AD23116CE600F1DE59 /* Gaana.app */,
			);
			name = Products;
			sourceTree = "<group>";
		};
		434D87AF23116CE600F1DE59 /* Gaana */ = {
			isa = PBXGroup;
			children = (
				434D87C62311727200F1DE59 /* Network */,
				434D87B023116CE600F1DE59 /* AppDelegate.swift */,
				434D87B423116CE600F1DE59 /* Main.storyboard */,
				434D87B723116CE800F1DE59 /* Assets.xcassets */,
				434D87B923116CE800F1DE59 /* LaunchScreen.storyboard */,
				434D87BC23116CE800F1DE59 /* Info.plist */,
				434D87B223116CE600F1DE59 /* ViewController.swift */,
				434D87C223116D5800F1DE59 /* GAHomeViewModel.swift */,
				434D87C423116DF100F1DE59 /* GAHomeMainModel.swift */,
				434D87D123118BF700F1DE59 /* GAFeedTableViewCell.swift */,
			);
			path = Gaana;
			sourceTree = "<group>";
		};
		434D87C62311727200F1DE59 /* Network */ = {
			isa = PBXGroup;
			children = (
				434D87C72311728A00F1DE59 /* GANetworkRegistrar.swift */,
				434D87C9231173A200F1DE59 /* Reachablity.swift */,
				434D87CB231173E800F1DE59 /* GAUtility.swift */,
				434D87CD2311766100F1DE59 /* GAServiceHandler.swift */,
			);
			path = Network;
			sourceTree = "<group>";
		};
/* End PBXGroup section */

/* Begin PBXNativeTarget section */
		434D87AC23116CE600F1DE59 /* Gaana */ = {
			isa = PBXNativeTarget;
			buildConfigurationList = 434D87BF23116CE800F1DE59 /* Build configuration list for PBXNativeTarget "Gaana" */;
			buildPhases = (
				434D87A923116CE600F1DE59 /* Sources */,
				434D87AA23116CE600F1DE59 /* Frameworks */,
				434D87AB23116CE600F1DE59 /* Resources */,
			);
			buildRules = (
			);
			dependencies = (
			);
			name = Gaana;
			productName = Gaana;
			productReference = 434D87AD23116CE600F1DE59 /* Gaana.app */;
			productType = "com.apple.product-type.application";
		};
/* End PBXNativeTarget section */

/* Begin PBXProject section */
		434D87A523116CE600F1DE59 /* Project object */ = {
			isa = PBXProject;
			attributes = {
				LastSwiftUpdateCheck = 1010;
				LastUpgradeCheck = 1010;
				ORGANIZATIONNAME = Pawan;
				TargetAttributes = {
					434D87AC23116CE600F1DE59 = {
						CreatedOnToolsVersion = 10.1;
					};
				};
			};
			buildConfigurationList = 434D87A823116CE600F1DE59 /* Build configuration list for PBXProject "Gaana" */;
			compatibilityVersion = "Xcode 9.3";
			developmentRegion = en;
			hasScannedForEncodings = 0;
			knownRegions = (
				en,
				Base,
			);
			mainGroup = 434D87A423116CE600F1DE59;
			productRefGroup = 434D87AE23116CE600F1DE59 /* Products */;
			projectDirPath = "";
			projectRoot = "";
			targets = (
				434D87AC23116CE600F1DE59 /* Gaana */,
			);
		};
/* End PBXProject section */

/* Begin PBXResourcesBuildPhase section */
		434D87AB23116CE600F1DE59 /* Resources */ = {
			isa = PBXResourcesBuildPhase;
			buildActionMask = 2147483647;
			files = (
				434D87BB23116CE800F1DE59 /* LaunchScreen.storyboard in Resources */,
				434D87B823116CE800F1DE59 /* Assets.xcassets in Resources */,
				434D87B623116CE600F1DE59 /* Main.storyboard in Resources */,
			);
			runOnlyForDeploymentPostprocessing = 0;
		};
/* End PBXResourcesBuildPhase section */

/* Begin PBXSourcesBuildPhase section */
		434D87A923116CE600F1DE59 /* Sources */ = {
			isa = PBXSourcesBuildPhase;
			buildActionMask = 2147483647;
			files = (
				434D87CE2311766100F1DE59 /* GAServiceHandler.swift in Sources */,
				434D87C323116D5800F1DE59 /* GAHomeViewModel.swift in Sources */,
				434D87B323116CE600F1DE59 /* ViewController.swift in Sources */,
				434D87CC231173E800F1DE59 /* GAUtility.swift in Sources */,
				434D87B123116CE600F1DE59 /* AppDelegate.swift in Sources */,
				434D87C523116DF100F1DE59 /* GAHomeMainModel.swift in Sources */,
				434D87CA231173A200F1DE59 /* Reachablity.swift in Sources */,
				434D87D223118BF700F1DE59 /* GAFeedTableViewCell.swift in Sources */,
				434D87C82311728A00F1DE59 /* GANetworkRegistrar.swift in Sources */,
			);
			runOnlyForDeploymentPostprocessing = 0;
		};
/* End PBXSourcesBuildPhase section */

/* Begin PBXVariantGroup section */
		434D87B423116CE600F1DE59 /* Main.storyboard */ = {
			isa = PBXVariantGroup;
			children = (
				434D87B523116CE600F1DE59 /* Base */,
			);
			name = Main.storyboard;
			sourceTree = "<group>";
		};
		434D87B923116CE800F1DE59 /* LaunchScreen.storyboard */ = {
			isa = PBXVariantGroup;
			children = (
				434D87BA23116CE800F1DE59 /* Base */,
			);
			name = LaunchScreen.storyboard;
			sourceTree = "<group>";
		};
/* End PBXVariantGroup section */

/* Begin XCBuildConfiguration section */
		434D87BD23116CE800F1DE59 /* Debug */ = {
			isa = XCBuildConfiguration;
			buildSettings = {
				ALWAYS_SEARCH_USER_PATHS = NO;
				CLANG_ANALYZER_NONNULL = YES;
				CLANG_ANALYZER_NUMBER_OBJECT_CONVERSION = YES_AGGRESSIVE;
				CLANG_CXX_LANGUAGE_STANDARD = "gnu++14";
				CLANG_CXX_LIBRARY = "libc++";
				CLANG_ENABLE_MODULES = YES;
				CLANG_ENABLE_OBJC_ARC = YES;
				CLANG_ENABLE_OBJC_WEAK = YES;
				CLANG_WARN_BLOCK_CAPTURE_AUTORELEASING = YES;
				CLANG_WARN_BOOL_CONVERSION = YES;
				CLANG_WARN_COMMA = YES;
				CLANG_WARN_CONSTANT_CONVERSION = YES;
				CLANG_WARN_DEPRECATED_OBJC_IMPLEMENTATIONS = YES;
				CLANG_WARN_DIRECT_OBJC_ISA_USAGE = YES_ERROR;
				CLANG_WARN_DOCUMENTATION_COMMENTS = YES;
				CLANG_WARN_EMPTY_BODY = YES;
				CLANG_WARN_ENUM_CONVERSION = YES;
				CLANG_WARN_INFINITE_RECURSION = YES;
				CLANG_WARN_INT_CONVERSION = YES;
				CLANG_WARN_NON_LITERAL_NULL_CONVERSION = YES;
				CLANG_WARN_OBJC_IMPLICIT_RETAIN_SELF = YES;
				CLANG_WARN_OBJC_LITERAL_CONVERSION = YES;
				CLANG_WARN_OBJC_ROOT_CLASS = YES_ERROR;
				CLANG_WARN_RANGE_LOOP_ANALYSIS = YES;
				CLANG_WARN_STRICT_PROTOTYPES = YES;
				CLANG_WARN_SUSPICIOUS_MOVE = YES;
				CLANG_WARN_UNGUARDED_AVAILABILITY = YES_AGGRESSIVE;
				CLANG_WARN_UNREACHABLE_CODE = YES;
				CLANG_WARN__DUPLICATE_METHOD_MATCH = YES;
				CODE_SIGN_IDENTITY = "iPhone Developer";
				COPY_PHASE_STRIP = NO;
				DEBUG_INFORMATION_FORMAT = dwarf;
				ENABLE_STRICT_OBJC_MSGSEND = YES;
				ENABLE_TESTABILITY = YES;
				GCC_C_LANGUAGE_STANDARD = gnu11;
				GCC_DYNAMIC_NO_PIC = NO;
				GCC_NO_COMMON_BLOCKS = YES;
				GCC_OPTIMIZATION_LEVEL = 0;
				GCC_PREPROCESSOR_DEFINITIONS = (
					"DEBUG=1",
					"$(inherited)",
				);
				GCC_WARN_64_TO_32_BIT_CONVERSION = YES;
				GCC_WARN_ABOUT_RETURN_TYPE = YES_ERROR;
				GCC_WARN_UNDECLARED_SELECTOR = YES;
				GCC_WARN_UNINITIALIZED_AUTOS = YES_AGGRESSIVE;
				GCC_WARN_UNUSED_FUNCTION = YES;
				GCC_WARN_UNUSED_VARIABLE = YES;
				IPHONEOS_DEPLOYMENT_TARGET = 12.1;
				MTL_ENABLE_DEBUG_INFO = INCLUDE_SOURCE;
				MTL_FAST_MATH = YES;
				ONLY_ACTIVE_ARCH = YES;
				SDKROOT = iphoneos;
				SWIFT_ACTIVE_COMPILATION_CONDITIONS = DEBUG;
				SWIFT_OPTIMIZATION_LEVEL = "-Onone";
			};
			name = Debug;
		};
		434D87BE23116CE800F1DE59 /* Release */ = {
			isa = XCBuildConfiguration;
			buildSettings = {
				ALWAYS_SEARCH_USER_PATHS = NO;
				CLANG_ANALYZER_NONNULL = YES;
				CLANG_ANALYZER_NUMBER_OBJECT_CONVERSION = YES_AGGRESSIVE;
				CLANG_CXX_LANGUAGE_STANDARD = "gnu++14";
				CLANG_CXX_LIBRARY = "libc++";
				CLANG_ENABLE_MODULES = YES;
				CLANG_ENABLE_OBJC_ARC = YES;
				CLANG_ENABLE_OBJC_WEAK = YES;
				CLANG_WARN_BLOCK_CAPTURE_AUTORELEASING = YES;
				CLANG_WARN_BOOL_CONVERSION = YES;
				CLANG_WARN_COMMA = YES;
				CLANG_WARN_CONSTANT_CONVERSION = YES;
				CLANG_WARN_DEPRECATED_OBJC_IMPLEMENTATIONS = YES;
				CLANG_WARN_DIRECT_OBJC_ISA_USAGE = YES_ERROR;
				CLANG_WARN_DOCUMENTATION_COMMENTS = YES;
				CLANG_WARN_EMPTY_BODY = YES;
				CLANG_WARN_ENUM_CONVERSION = YES;
				CLANG_WARN_INFINITE_RECURSION = YES;
				CLANG_WARN_INT_CONVERSION = YES;
				CLANG_WARN_NON_LITERAL_NULL_CONVERSION = YES;
				CLANG_WARN_OBJC_IMPLICIT_RETAIN_SELF = YES;
				CLANG_WARN_OBJC_LITERAL_CONVERSION = YES;
				CLANG_WARN_OBJC_ROOT_CLASS = YES_ERROR;
				CLANG_WARN_RANGE_LOOP_ANALYSIS = YES;
				CLANG_WARN_STRICT_PROTOTYPES = YES;
				CLANG_WARN_SUSPICIOUS_MOVE = YES;
				CLANG_WARN_UNGUARDED_AVAILABILITY = YES_AGGRESSIVE;
				CLANG_WARN_UNREACHABLE_CODE = YES;
				CLANG_WARN__DUPLICATE_METHOD_MATCH = YES;
				CODE_SIGN_IDENTITY = "iPhone Developer";
				COPY_PHASE_STRIP = NO;
				DEBUG_INFORMATION_FORMAT = "dwarf-with-dsym";
				ENABLE_NS_ASSERTIONS = NO;
				ENABLE_STRICT_OBJC_MSGSEND = YES;
				GCC_C_LANGUAGE_STANDARD = gnu11;
				GCC_NO_COMMON_BLOCKS = YES;
				GCC_WARN_64_TO_32_BIT_CONVERSION = YES;
				GCC_WARN_ABOUT_RETURN_TYPE = YES_ERROR;
				GCC_WARN_UNDECLARED_SELECTOR = YES;
				GCC_WARN_UNINITIALIZED_AUTOS = YES_AGGRESSIVE;
				GCC_WARN_UNUSED_FUNCTION = YES;
				GCC_WARN_UNUSED_VARIABLE = YES;
				IPHONEOS_DEPLOYMENT_TARGET = 12.1;
				MTL_ENABLE_DEBUG_INFO = NO;
				MTL_FAST_MATH = YES;
				SDKROOT = iphoneos;
				SWIFT_COMPILATION_MODE = wholemodule;
				SWIFT_OPTIMIZATION_LEVEL = "-O";
				VALIDATE_PRODUCT = YES;
			};
			name = Release;
		};
		434D87C023116CE800F1DE59 /* Debug */ = {
			isa = XCBuildConfiguration;
			buildSettings = {
				ASSETCATALOG_COMPILER_APPICON_NAME = AppIcon;
				CODE_SIGN_STYLE = Automatic;
				DEVELOPMENT_TEAM = 885LR8YVNT;
				INFOPLIST_FILE = Gaana/Info.plist;
				LD_RUNPATH_SEARCH_PATHS = (
					"$(inherited)",
					"@executable_path/Frameworks",
				);
				PRODUCT_BUNDLE_IDENTIFIER = com.pawan.Gaana;
				PRODUCT_NAME = "$(TARGET_NAME)";
				SWIFT_VERSION = 4.2;
				TARGETED_DEVICE_FAMILY = "1,2";
			};
			name = Debug;
		};
		434D87C123116CE800F1DE59 /* Release */ = {
			isa = XCBuildConfiguration;
			buildSettings = {
				ASSETCATALOG_COMPILER_APPICON_NAME = AppIcon;
				CODE_SIGN_STYLE = Automatic;
				DEVELOPMENT_TEAM = 885LR8YVNT;
				INFOPLIST_FILE = Gaana/Info.plist;
				LD_RUNPATH_SEARCH_PATHS = (
					"$(inherited)",
					"@executable_path/Frameworks",
				);
				PRODUCT_BUNDLE_IDENTIFIER = com.pawan.Gaana;
				PRODUCT_NAME = "$(TARGET_NAME)";
				SWIFT_VERSION = 4.2;
				TARGETED_DEVICE_FAMILY = "1,2";
			};
			name = Release;
		};
/* End XCBuildConfiguration section */

/* Begin XCConfigurationList section */
		434D87A823116CE600F1DE59 /* Build configuration list for PBXProject "Gaana" */ = {
			isa = XCConfigurationList;
			buildConfigurations = (
				434D87BD23116CE800F1DE59 /* Debug */,
				434D87BE23116CE800F1DE59 /* Release */,
			);
			defaultConfigurationIsVisible = 0;
			defaultConfigurationName = Release;
		};
		434D87BF23116CE800F1DE59 /* Build configuration list for PBXNativeTarget "Gaana" */ = {
			isa = XCConfigurationList;
			buildConfigurations = (
				434D87C023116CE800F1DE59 /* Debug */,
				434D87C123116CE800F1DE59 /* Release */,
			);
			defaultConfigurationIsVisible = 0;
			defaultConfigurationName = Release;
		};
/* End XCConfigurationList section */
	};
	rootObject = 434D87A523116CE600F1DE59 /* Project object */;
}
