// !$*UTF8*$!
{
	archiveVersion = 1;
	classes = {
	};
	objectVersion = 50;
	objects = {

/* Begin PBXBuildFile section */
		434D87B123116CE600F1DE59 /* AppDelegate.swift in Sources */ = {isa = PBXBuildFile; fileRef = 434D87B023116CE600F1DE59 /* AppDelegate.swift */; };
		434D87B323116CE600F1DE59 /* GAHomeVC.swift in Sources */ = {isa = PBXBuildFile; fileRef = 434D87B223116CE600F1DE59 /* GAHomeVC.swift */; };
		434D87B623116CE600F1DE59 /* Main.storyboard in Resources */ = {isa = PBXBuildFile; fileRef = 434D87B423116CE600F1DE59 /* Main.storyboard */; };
		434D87B823116CE800F1DE59 /* Assets.xcassets in Resources */ = {isa = PBXBuildFile; fileRef = 434D87B723116CE800F1DE59 /* Assets.xcassets */; };
		434D87BB23116CE800F1DE59 /* LaunchScreen.storyboard in Resources */ = {isa = PBXBuildFile; fileRef = 434D87B923116CE800F1DE59 /* LaunchScreen.storyboard */; };
		434D87C323116D5800F1DE59 /* GAHomeVM.swift in Sources */ = {isa = PBXBuildFile; fileRef = 434D87C223116D5800F1DE59 /* GAHomeVM.swift */; };
		434D87C523116DF100F1DE59 /* GAHomeMainModel.swift in Sources */ = {isa = PBXBuildFile; fileRef = 434D87C423116DF100F1DE59 /* GAHomeMainModel.swift */; };
		434D87C82311728A00F1DE59 /* GANetworkRegistrar.swift in Sources */ = {isa = PBXBuildFile; fileRef = 434D87C72311728A00F1DE59 /* GANetworkRegistrar.swift */; };
		434D87CA231173A200F1DE59 /* Reachablity.swift in Sources */ = {isa = PBXBuildFile; fileRef = 434D87C9231173A200F1DE59 /* Reachablity.swift */; };
		434D87CC231173E800F1DE59 /* GAUtility.swift in Sources */ = {isa = PBXBuildFile; fileRef = 434D87CB231173E800F1DE59 /* GAUtility.swift */; };
		434D87CE2311766100F1DE59 /* GAServiceHandler.swift in Sources */ = {isa = PBXBuildFile; fileRef = 434D87CD2311766100F1DE59 /* GAServiceHandler.swift */; };
		434D87D223118BF700F1DE59 /* GAFeedTableViewCell.swift in Sources */ = {isa = PBXBuildFile; fileRef = 434D87D123118BF700F1DE59 /* GAFeedTableViewCell.swift */; };
		434D87D42311B6C700F1DE59 /* GAFeedCollectionViewCell.swift in Sources */ = {isa = PBXBuildFile; fileRef = 434D87D32311B6C700F1DE59 /* GAFeedCollectionViewCell.swift */; };
		435AA8E12318FCB500F2A642 /* GAListingTableViewCell.swift in Sources */ = {isa = PBXBuildFile; fileRef = 435AA8DF2318FCB500F2A642 /* GAListingTableViewCell.swift */; };
		435AA8E22318FCB500F2A642 /* GAListingTableViewCell.xib in Resources */ = {isa = PBXBuildFile; fileRef = 435AA8E02318FCB500F2A642 /* GAListingTableViewCell.xib */; };
		43A9DCD82319016F00A5A9BE /* GAHeaderTableViewCell.swift in Sources */ = {isa = PBXBuildFile; fileRef = 43A9DCD62319016F00A5A9BE /* GAHeaderTableViewCell.swift */; };
		43A9DCD92319016F00A5A9BE /* GAHeaderTableViewCell.xib in Resources */ = {isa = PBXBuildFile; fileRef = 43A9DCD72319016F00A5A9BE /* GAHeaderTableViewCell.xib */; };
		43A9DCDB23190C9A00A5A9BE /* GASongsListingVC.swift in Sources */ = {isa = PBXBuildFile; fileRef = 43A9DCDA23190C9A00A5A9BE /* GASongsListingVC.swift */; };
		43A9DCDD23190DA000A5A9BE /* GASongsListingVM.swift in Sources */ = {isa = PBXBuildFile; fileRef = 43A9DCDC23190DA000A5A9BE /* GASongsListingVM.swift */; };
		43A9DCDF23191CB000A5A9BE /* GAAddToPlaylistVC.swift in Sources */ = {isa = PBXBuildFile; fileRef = 43A9DCDE23191CB000A5A9BE /* GAAddToPlaylistVC.swift */; };
		43A9DCE123191CFB00A5A9BE /* GAAddToPlaylistVM.swift in Sources */ = {isa = PBXBuildFile; fileRef = 43A9DCE023191CFB00A5A9BE /* GAAddToPlaylistVM.swift */; };
		43A9DCE423194B5800A5A9BE /* GACoreDataManager.swift in Sources */ = {isa = PBXBuildFile; fileRef = 43A9DCE323194B5800A5A9BE /* GACoreDataManager.swift */; };
		43A9DCE523194B5800A5A9BE /* GACoreDataManager.swift in Sources */ = {isa = PBXBuildFile; fileRef = 43A9DCE323194B5800A5A9BE /* GACoreDataManager.swift */; };
		43A9DCE823194B7400A5A9BE /* GACoreDataContainer.xcdatamodeld in Sources */ = {isa = PBXBuildFile; fileRef = 43A9DCE623194B7400A5A9BE /* GACoreDataContainer.xcdatamodeld */; };
		43A9DCE923194B7400A5A9BE /* GACoreDataContainer.xcdatamodeld in Sources */ = {isa = PBXBuildFile; fileRef = 43A9DCE623194B7400A5A9BE /* GACoreDataContainer.xcdatamodeld */; };
		43B73B992313780E00DF3CB2 /* GAPlaylistListingVC.swift in Sources */ = {isa = PBXBuildFile; fileRef = 43B73B982313780E00DF3CB2 /* GAPlaylistListingVC.swift */; };
		43B73B9B231378A800DF3CB2 /* GAPlaylistListingVM.swift in Sources */ = {isa = PBXBuildFile; fileRef = 43B73B9A231378A800DF3CB2 /* GAPlaylistListingVM.swift */; };
		43B73B9D23137AEF00DF3CB2 /* GAPlaylistDetailVC.swift in Sources */ = {isa = PBXBuildFile; fileRef = 43B73B9C23137AEF00DF3CB2 /* GAPlaylistDetailVC.swift */; };
		43B73B9F23137B0700DF3CB2 /* GAPlaylistDetailVM.swift in Sources */ = {isa = PBXBuildFile; fileRef = 43B73B9E23137B0700DF3CB2 /* GAPlaylistDetailVM.swift */; };
		43EB24A62312AEF90061472C /* GACacheImageWrapper.swift in Sources */ = {isa = PBXBuildFile; fileRef = 43EB24A52312AEF90061472C /* GACacheImageWrapper.swift */; };
		43EB24A82312AF490061472C /* GAImageDownloadOperation.swift in Sources */ = {isa = PBXBuildFile; fileRef = 43EB24A72312AF490061472C /* GAImageDownloadOperation.swift */; };
		43EB24AA2312AF820061472C /* GAAsyncOperation.swift in Sources */ = {isa = PBXBuildFile; fileRef = 43EB24A92312AF820061472C /* GAAsyncOperation.swift */; };
		43EB24B52312BAA10061472C /* GaanaTests.swift in Sources */ = {isa = PBXBuildFile; fileRef = 43EB24B42312BAA10061472C /* GaanaTests.swift */; };
		43EB24BE2312BBD80061472C /* GAMockConnectionRegistrar.swift in Sources */ = {isa = PBXBuildFile; fileRef = 43EB24BD2312BBD80061472C /* GAMockConnectionRegistrar.swift */; };
		43EB24C02312BC650061472C /* GATestUtility.swift in Sources */ = {isa = PBXBuildFile; fileRef = 43EB24BF2312BC650061472C /* GATestUtility.swift */; };
		43EB24C32312BCEA0061472C /* GAHomePageSuccess.json in Resources */ = {isa = PBXBuildFile; fileRef = 43EB24C22312BCEA0061472C /* GAHomePageSuccess.json */; };
		43EB24C52312BF630061472C /* GAHomePageError.json in Resources */ = {isa = PBXBuildFile; fileRef = 43EB24C42312BF630061472C /* GAHomePageError.json */; };
/* End PBXBuildFile section */

/* Begin PBXContainerItemProxy section */
		43EB24B72312BAA10061472C /* PBXContainerItemProxy */ = {
			isa = PBXContainerItemProxy;
			containerPortal = 434D87A523116CE600F1DE59 /* Project object */;
			proxyType = 1;
			remoteGlobalIDString = 434D87AC23116CE600F1DE59;
			remoteInfo = Gaana;
		};
/* End PBXContainerItemProxy section */

/* Begin PBXFileReference section */
		434D87AD23116CE600F1DE59 /* Gaana.app */ = {isa = PBXFileReference; explicitFileType = wrapper.application; includeInIndex = 0; path = Gaana.app; sourceTree = BUILT_PRODUCTS_DIR; };
		434D87B023116CE600F1DE59 /* AppDelegate.swift */ = {isa = PBXFileReference; lastKnownFileType = sourcecode.swift; path = AppDelegate.swift; sourceTree = "<group>"; };
		434D87B223116CE600F1DE59 /* GAHomeVC.swift */ = {isa = PBXFileReference; lastKnownFileType = sourcecode.swift; path = GAHomeVC.swift; sourceTree = "<group>"; };
		434D87B523116CE600F1DE59 /* Base */ = {isa = PBXFileReference; lastKnownFileType = file.storyboard; name = Base; path = Base.lproj/Main.storyboard; sourceTree = "<group>"; };
		434D87B723116CE800F1DE59 /* Assets.xcassets */ = {isa = PBXFileReference; lastKnownFileType = folder.assetcatalog; path = Assets.xcassets; sourceTree = "<group>"; };
		434D87BA23116CE800F1DE59 /* Base */ = {isa = PBXFileReference; lastKnownFileType = file.storyboard; name = Base; path = Base.lproj/LaunchScreen.storyboard; sourceTree = "<group>"; };
		434D87BC23116CE800F1DE59 /* Info.plist */ = {isa = PBXFileReference; lastKnownFileType = text.plist.xml; path = Info.plist; sourceTree = "<group>"; };
		434D87C223116D5800F1DE59 /* GAHomeVM.swift */ = {isa = PBXFileReference; lastKnownFileType = sourcecode.swift; path = GAHomeVM.swift; sourceTree = "<group>"; };
		434D87C423116DF100F1DE59 /* GAHomeMainModel.swift */ = {isa = PBXFileReference; lastKnownFileType = sourcecode.swift; path = GAHomeMainModel.swift; sourceTree = "<group>"; };
		434D87C72311728A00F1DE59 /* GANetworkRegistrar.swift */ = {isa = PBXFileReference; lastKnownFileType = sourcecode.swift; path = GANetworkRegistrar.swift; sourceTree = "<group>"; };
		434D87C9231173A200F1DE59 /* Reachablity.swift */ = {isa = PBXFileReference; fileEncoding = 4; lastKnownFileType = sourcecode.swift; path = Reachablity.swift; sourceTree = "<group>"; };
		434D87CB231173E800F1DE59 /* GAUtility.swift */ = {isa = PBXFileReference; lastKnownFileType = sourcecode.swift; path = GAUtility.swift; sourceTree = "<group>"; };
		434D87CD2311766100F1DE59 /* GAServiceHandler.swift */ = {isa = PBXFileReference; lastKnownFileType = sourcecode.swift; path = GAServiceHandler.swift; sourceTree = "<group>"; };
		434D87D123118BF700F1DE59 /* GAFeedTableViewCell.swift */ = {isa = PBXFileReference; lastKnownFileType = sourcecode.swift; path = GAFeedTableViewCell.swift; sourceTree = "<group>"; };
		434D87D32311B6C700F1DE59 /* GAFeedCollectionViewCell.swift */ = {isa = PBXFileReference; lastKnownFileType = sourcecode.swift; path = GAFeedCollectionViewCell.swift; sourceTree = "<group>"; };
		435AA8DF2318FCB500F2A642 /* GAListingTableViewCell.swift */ = {isa = PBXFileReference; lastKnownFileType = sourcecode.swift; path = GAListingTableViewCell.swift; sourceTree = "<group>"; };
		435AA8E02318FCB500F2A642 /* GAListingTableViewCell.xib */ = {isa = PBXFileReference; lastKnownFileType = file.xib; path = GAListingTableViewCell.xib; sourceTree = "<group>"; };
		43A9DCD62319016F00A5A9BE /* GAHeaderTableViewCell.swift */ = {isa = PBXFileReference; lastKnownFileType = sourcecode.swift; path = GAHeaderTableViewCell.swift; sourceTree = "<group>"; };
		43A9DCD72319016F00A5A9BE /* GAHeaderTableViewCell.xib */ = {isa = PBXFileReference; lastKnownFileType = file.xib; path = GAHeaderTableViewCell.xib; sourceTree = "<group>"; };
		43A9DCDA23190C9A00A5A9BE /* GASongsListingVC.swift */ = {isa = PBXFileReference; lastKnownFileType = sourcecode.swift; path = GASongsListingVC.swift; sourceTree = "<group>"; };
		43A9DCDC23190DA000A5A9BE /* GASongsListingVM.swift */ = {isa = PBXFileReference; lastKnownFileType = sourcecode.swift; path = GASongsListingVM.swift; sourceTree = "<group>"; };
		43A9DCDE23191CB000A5A9BE /* GAAddToPlaylistVC.swift */ = {isa = PBXFileReference; lastKnownFileType = sourcecode.swift; path = GAAddToPlaylistVC.swift; sourceTree = "<group>"; };
		43A9DCE023191CFB00A5A9BE /* GAAddToPlaylistVM.swift */ = {isa = PBXFileReference; lastKnownFileType = sourcecode.swift; path = GAAddToPlaylistVM.swift; sourceTree = "<group>"; };
		43A9DCE323194B5800A5A9BE /* GACoreDataManager.swift */ = {isa = PBXFileReference; fileEncoding = 4; lastKnownFileType = sourcecode.swift; path = GACoreDataManager.swift; sourceTree = "<group>"; };
		43A9DCE723194B7400A5A9BE /* GACoreDataContainer.xcdatamodel */ = {isa = PBXFileReference; lastKnownFileType = wrapper.xcdatamodel; path = GACoreDataContainer.xcdatamodel; sourceTree = "<group>"; };
		43B73B982313780E00DF3CB2 /* GAPlaylistListingVC.swift */ = {isa = PBXFileReference; lastKnownFileType = sourcecode.swift; path = GAPlaylistListingVC.swift; sourceTree = "<group>"; };
		43B73B9A231378A800DF3CB2 /* GAPlaylistListingVM.swift */ = {isa = PBXFileReference; lastKnownFileType = sourcecode.swift; path = GAPlaylistListingVM.swift; sourceTree = "<group>"; };
		43B73B9C23137AEF00DF3CB2 /* GAPlaylistDetailVC.swift */ = {isa = PBXFileReference; lastKnownFileType = sourcecode.swift; path = GAPlaylistDetailVC.swift; sourceTree = "<group>"; };
		43B73B9E23137B0700DF3CB2 /* GAPlaylistDetailVM.swift */ = {isa = PBXFileReference; lastKnownFileType = sourcecode.swift; path = GAPlaylistDetailVM.swift; sourceTree = "<group>"; };
		43EB24A52312AEF90061472C /* GACacheImageWrapper.swift */ = {isa = PBXFileReference; lastKnownFileType = sourcecode.swift; path = GACacheImageWrapper.swift; sourceTree = "<group>"; };
		43EB24A72312AF490061472C /* GAImageDownloadOperation.swift */ = {isa = PBXFileReference; lastKnownFileType = sourcecode.swift; path = GAImageDownloadOperation.swift; sourceTree = "<group>"; };
		43EB24A92312AF820061472C /* GAAsyncOperation.swift */ = {isa = PBXFileReference; lastKnownFileType = sourcecode.swift; path = GAAsyncOperation.swift; sourceTree = "<group>"; };
		43EB24B22312BAA10061472C /* GaanaTests.xctest */ = {isa = PBXFileReference; explicitFileType = wrapper.cfbundle; includeInIndex = 0; path = GaanaTests.xctest; sourceTree = BUILT_PRODUCTS_DIR; };
		43EB24B42312BAA10061472C /* GaanaTests.swift */ = {isa = PBXFileReference; lastKnownFileType = sourcecode.swift; path = GaanaTests.swift; sourceTree = "<group>"; };
		43EB24B62312BAA10061472C /* Info.plist */ = {isa = PBXFileReference; lastKnownFileType = text.plist.xml; path = Info.plist; sourceTree = "<group>"; };
		43EB24BD2312BBD80061472C /* GAMockConnectionRegistrar.swift */ = {isa = PBXFileReference; lastKnownFileType = sourcecode.swift; path = GAMockConnectionRegistrar.swift; sourceTree = "<group>"; };
		43EB24BF2312BC650061472C /* GATestUtility.swift */ = {isa = PBXFileReference; lastKnownFileType = sourcecode.swift; path = GATestUtility.swift; sourceTree = "<group>"; };
		43EB24C22312BCEA0061472C /* GAHomePageSuccess.json */ = {isa = PBXFileReference; lastKnownFileType = text.json; path = GAHomePageSuccess.json; sourceTree = "<group>"; };
		43EB24C42312BF630061472C /* GAHomePageError.json */ = {isa = PBXFileReference; fileEncoding = 4; lastKnownFileType = text.json; path = GAHomePageError.json; sourceTree = "<group>"; };
/* End PBXFileReference section */

/* Begin PBXFrameworksBuildPhase section */
		434D87AA23116CE600F1DE59 /* Frameworks */ = {
			isa = PBXFrameworksBuildPhase;
			buildActionMask = 2147483647;
			files = (
			);
			runOnlyForDeploymentPostprocessing = 0;
		};
		43EB24AF2312BAA10061472C /* Frameworks */ = {
			isa = PBXFrameworksBuildPhase;
			buildActionMask = 2147483647;
			files = (
			);
			runOnlyForDeploymentPostprocessing = 0;
		};
/* End PBXFrameworksBuildPhase section */

/* Begin PBXGroup section */
		4321F3A02319675A0020ABEF /* Cell */ = {
			isa = PBXGroup;
			children = (
				43A9DCD62319016F00A5A9BE /* GAHeaderTableViewCell.swift */,
				43A9DCD72319016F00A5A9BE /* GAHeaderTableViewCell.xib */,
				435AA8DF2318FCB500F2A642 /* GAListingTableViewCell.swift */,
				435AA8E02318FCB500F2A642 /* GAListingTableViewCell.xib */,
			);
			path = Cell;
			sourceTree = "<group>";
		};
		4321F3A12319676E0020ABEF /* Home */ = {
			isa = PBXGroup;
			children = (
				434D87B223116CE600F1DE59 /* GAHomeVC.swift */,
				434D87C223116D5800F1DE59 /* GAHomeVM.swift */,
				4321F3A2231967A70020ABEF /* Cell */,
			);
			path = Home;
			sourceTree = "<group>";
		};
		4321F3A2231967A70020ABEF /* Cell */ = {
			isa = PBXGroup;
			children = (
				434D87D123118BF700F1DE59 /* GAFeedTableViewCell.swift */,
				434D87D32311B6C700F1DE59 /* GAFeedCollectionViewCell.swift */,
			);
			path = Cell;
			sourceTree = "<group>";
		};
		434D87A423116CE600F1DE59 = {
			isa = PBXGroup;
			children = (
				434D87AF23116CE600F1DE59 /* Gaana */,
				43EB24B32312BAA10061472C /* GaanaTests */,
				434D87AE23116CE600F1DE59 /* Products */,
			);
			sourceTree = "<group>";
		};
		434D87AE23116CE600F1DE59 /* Products */ = {
			isa = PBXGroup;
			children = (
				434D87AD23116CE600F1DE59 /* Gaana.app */,
				43EB24B22312BAA10061472C /* GaanaTests.xctest */,
			);
			name = Products;
			sourceTree = "<group>";
		};
		434D87AF23116CE600F1DE59 /* Gaana */ = {
			isa = PBXGroup;
			children = (
				43A9DCE223194B4200A5A9BE /* CoreData */,
				43B73B97231377DF00DF3CB2 /* Playlist */,
				434D87C62311727200F1DE59 /* Network */,
				4321F3A02319675A0020ABEF /* Cell */,
				434D87B423116CE600F1DE59 /* Main.storyboard */,
				434D87B723116CE800F1DE59 /* Assets.xcassets */,
				434D87B923116CE800F1DE59 /* LaunchScreen.storyboard */,
				434D87BC23116CE800F1DE59 /* Info.plist */,
				4321F3A12319676E0020ABEF /* Home */,
				434D87C423116DF100F1DE59 /* GAHomeMainModel.swift */,
				434D87B023116CE600F1DE59 /* AppDelegate.swift */,
			);
			path = Gaana;
			sourceTree = "<group>";
		};
		434D87C62311727200F1DE59 /* Network */ = {
			isa = PBXGroup;
			children = (
				434D87C72311728A00F1DE59 /* GANetworkRegistrar.swift */,
				434D87C9231173A200F1DE59 /* Reachablity.swift */,
				434D87CB231173E800F1DE59 /* GAUtility.swift */,
				434D87CD2311766100F1DE59 /* GAServiceHandler.swift */,
				43EB24A52312AEF90061472C /* GACacheImageWrapper.swift */,
				43EB24A72312AF490061472C /* GAImageDownloadOperation.swift */,
				43EB24A92312AF820061472C /* GAAsyncOperation.swift */,
			);
			path = Network;
			sourceTree = "<group>";
		};
		43A9DCE223194B4200A5A9BE /* CoreData */ = {
			isa = PBXGroup;
			children = (
				43A9DCE323194B5800A5A9BE /* GACoreDataManager.swift */,
				43A9DCE623194B7400A5A9BE /* GACoreDataContainer.xcdatamodeld */,
			);
			path = CoreData;
			sourceTree = "<group>";
		};
		43B73B97231377DF00DF3CB2 /* Playlist */ = {
			isa = PBXGroup;
			children = (
				43B73B982313780E00DF3CB2 /* GAPlaylistListingVC.swift */,
				43B73B9A231378A800DF3CB2 /* GAPlaylistListingVM.swift */,
				43B73B9C23137AEF00DF3CB2 /* GAPlaylistDetailVC.swift */,
				43B73B9E23137B0700DF3CB2 /* GAPlaylistDetailVM.swift */,
				43A9DCDE23191CB000A5A9BE /* GAAddToPlaylistVC.swift */,
				43A9DCE023191CFB00A5A9BE /* GAAddToPlaylistVM.swift */,
				43A9DCDA23190C9A00A5A9BE /* GASongsListingVC.swift */,
				43A9DCDC23190DA000A5A9BE /* GASongsListingVM.swift */,
			);
			path = Playlist;
			sourceTree = "<group>";
		};
		43EB24B32312BAA10061472C /* GaanaTests */ = {
			isa = PBXGroup;
			children = (
				43EB24C12312BC980061472C /* MockData */,
				43EB24BC2312BBA10061472C /* MockClasses */,
				43EB24B42312BAA10061472C /* GaanaTests.swift */,
				43EB24B62312BAA10061472C /* Info.plist */,
			);
			path = GaanaTests;
			sourceTree = "<group>";
		};
		43EB24BC2312BBA10061472C /* MockClasses */ = {
			isa = PBXGroup;
			children = (
				43EB24BD2312BBD80061472C /* GAMockConnectionRegistrar.swift */,
				43EB24BF2312BC650061472C /* GATestUtility.swift */,
			);
			path = MockClasses;
			sourceTree = "<group>";
		};
		43EB24C12312BC980061472C /* MockData */ = {
			isa = PBXGroup;
			children = (
				43EB24C42312BF630061472C /* GAHomePageError.json */,
				43EB24C22312BCEA0061472C /* GAHomePageSuccess.json */,
			);
			path = MockData;
			sourceTree = "<group>";
		};
/* End PBXGroup section */

/* Begin PBXNativeTarget section */
		434D87AC23116CE600F1DE59 /* Gaana */ = {
			isa = PBXNativeTarget;
			buildConfigurationList = 434D87BF23116CE800F1DE59 /* Build configuration list for PBXNativeTarget "Gaana" */;
			buildPhases = (
				434D87A923116CE600F1DE59 /* Sources */,
				434D87AA23116CE600F1DE59 /* Frameworks */,
				434D87AB23116CE600F1DE59 /* Resources */,
			);
			buildRules = (
			);
			dependencies = (
			);
			name = Gaana;
			productName = Gaana;
			productReference = 434D87AD23116CE600F1DE59 /* Gaana.app */;
			productType = "com.apple.product-type.application";
		};
		43EB24B12312BAA10061472C /* GaanaTests */ = {
			isa = PBXNativeTarget;
			buildConfigurationList = 43EB24B92312BAA10061472C /* Build configuration list for PBXNativeTarget "GaanaTests" */;
			buildPhases = (
				43EB24AE2312BAA10061472C /* Sources */,
				43EB24AF2312BAA10061472C /* Frameworks */,
				43EB24B02312BAA10061472C /* Resources */,
			);
			buildRules = (
			);
			dependencies = (
				43EB24B82312BAA10061472C /* PBXTargetDependency */,
			);
			name = GaanaTests;
			productName = GaanaTests;
			productReference = 43EB24B22312BAA10061472C /* GaanaTests.xctest */;
			productType = "com.apple.product-type.bundle.unit-test";
		};
/* End PBXNativeTarget section */

/* Begin PBXProject section */
		434D87A523116CE600F1DE59 /* Project object */ = {
			isa = PBXProject;
			attributes = {
				LastSwiftUpdateCheck = 1010;
				LastUpgradeCheck = 1010;
				ORGANIZATIONNAME = Pawan;
				TargetAttributes = {
					434D87AC23116CE600F1DE59 = {
						CreatedOnToolsVersion = 10.1;
					};
					43EB24B12312BAA10061472C = {
						CreatedOnToolsVersion = 10.1;
						TestTargetID = 434D87AC23116CE600F1DE59;
					};
				};
			};
			buildConfigurationList = 434D87A823116CE600F1DE59 /* Build configuration list for PBXProject "Gaana" */;
			compatibilityVersion = "Xcode 9.3";
			developmentRegion = en;
			hasScannedForEncodings = 0;
			knownRegions = (
				en,
				Base,
			);
			mainGroup = 434D87A423116CE600F1DE59;
			productRefGroup = 434D87AE23116CE600F1DE59 /* Products */;
			projectDirPath = "";
			projectRoot = "";
			targets = (
				434D87AC23116CE600F1DE59 /* Gaana */,
				43EB24B12312BAA10061472C /* GaanaTests */,
			);
		};
/* End PBXProject section */

/* Begin PBXResourcesBuildPhase section */
		434D87AB23116CE600F1DE59 /* Resources */ = {
			isa = PBXResourcesBuildPhase;
			buildActionMask = 2147483647;
			files = (
				43A9DCD92319016F00A5A9BE /* GAHeaderTableViewCell.xib in Resources */,
				435AA8E22318FCB500F2A642 /* GAListingTableViewCell.xib in Resources */,
				434D87BB23116CE800F1DE59 /* LaunchScreen.storyboard in Resources */,
				434D87B823116CE800F1DE59 /* Assets.xcassets in Resources */,
				434D87B623116CE600F1DE59 /* Main.storyboard in Resources */,
			);
			runOnlyForDeploymentPostprocessing = 0;
		};
		43EB24B02312BAA10061472C /* Resources */ = {
			isa = PBXResourcesBuildPhase;
			buildActionMask = 2147483647;
			files = (
				43EB24C52312BF630061472C /* GAHomePageError.json in Resources */,
				43EB24C32312BCEA0061472C /* GAHomePageSuccess.json in Resources */,
			);
			runOnlyForDeploymentPostprocessing = 0;
		};
/* End PBXResourcesBuildPhase section */

/* Begin PBXSourcesBuildPhase section */
		434D87A923116CE600F1DE59 /* Sources */ = {
			isa = PBXSourcesBuildPhase;
			buildActionMask = 2147483647;
			files = (
				434D87D42311B6C700F1DE59 /* GAFeedCollectionViewCell.swift in Sources */,
				434D87CE2311766100F1DE59 /* GAServiceHandler.swift in Sources */,
				43B73B9F23137B0700DF3CB2 /* GAPlaylistDetailVM.swift in Sources */,
				434D87C323116D5800F1DE59 /* GAHomeVM.swift in Sources */,
				43A9DCDD23190DA000A5A9BE /* GASongsListingVM.swift in Sources */,
				434D87B323116CE600F1DE59 /* GAHomeVC.swift in Sources */,
				43A9DCDB23190C9A00A5A9BE /* GASongsListingVC.swift in Sources */,
				434D87CC231173E800F1DE59 /* GAUtility.swift in Sources */,
				43A9DCE423194B5800A5A9BE /* GACoreDataManager.swift in Sources */,
				434D87B123116CE600F1DE59 /* AppDelegate.swift in Sources */,
				43B73B992313780E00DF3CB2 /* GAPlaylistListingVC.swift in Sources */,
				43B73B9B231378A800DF3CB2 /* GAPlaylistListingVM.swift in Sources */,
				43A9DCDF23191CB000A5A9BE /* GAAddToPlaylistVC.swift in Sources */,
				43EB24A62312AEF90061472C /* GACacheImageWrapper.swift in Sources */,
				43A9DCD82319016F00A5A9BE /* GAHeaderTableViewCell.swift in Sources */,
				43B73B9D23137AEF00DF3CB2 /* GAPlaylistDetailVC.swift in Sources */,
				434D87C523116DF100F1DE59 /* GAHomeMainModel.swift in Sources */,
				43EB24AA2312AF820061472C /* GAAsyncOperation.swift in Sources */,
				434D87CA231173A200F1DE59 /* Reachablity.swift in Sources */,
				43EB24A82312AF490061472C /* GAImageDownloadOperation.swift in Sources */,
				43A9DCE123191CFB00A5A9BE /* GAAddToPlaylistVM.swift in Sources */,
				434D87D223118BF700F1DE59 /* GAFeedTableViewCell.swift in Sources */,
				43A9DCE823194B7400A5A9BE /* GACoreDataContainer.xcdatamodeld in Sources */,
				434D87C82311728A00F1DE59 /* GANetworkRegistrar.swift in Sources */,
				435AA8E12318FCB500F2A642 /* GAListingTableViewCell.swift in Sources */,
			);
			runOnlyForDeploymentPostprocessing = 0;
		};
		43EB24AE2312BAA10061472C /* Sources */ = {
			isa = PBXSourcesBuildPhase;
			buildActionMask = 2147483647;
			files = (
				43A9DCE523194B5800A5A9BE /* GACoreDataManager.swift in Sources */,
				43EB24B52312BAA10061472C /* GaanaTests.swift in Sources */,
				43A9DCE923194B7400A5A9BE /* GACoreDataContainer.xcdatamodeld in Sources */,
				43EB24BE2312BBD80061472C /* GAMockConnectionRegistrar.swift in Sources */,
				43EB24C02312BC650061472C /* GATestUtility.swift in Sources */,
			);
			runOnlyForDeploymentPostprocessing = 0;
		};
/* End PBXSourcesBuildPhase section */

/* Begin PBXTargetDependency section */
		43EB24B82312BAA10061472C /* PBXTargetDependency */ = {
			isa = PBXTargetDependency;
			target = 434D87AC23116CE600F1DE59 /* Gaana */;
			targetProxy = 43EB24B72312BAA10061472C /* PBXContainerItemProxy */;
		};
/* End PBXTargetDependency section */

/* Begin PBXVariantGroup section */
		434D87B423116CE600F1DE59 /* Main.storyboard */ = {
			isa = PBXVariantGroup;
			children = (
				434D87B523116CE600F1DE59 /* Base */,
			);
			name = Main.storyboard;
			sourceTree = "<group>";
		};
		434D87B923116CE800F1DE59 /* LaunchScreen.storyboard */ = {
			isa = PBXVariantGroup;
			children = (
				434D87BA23116CE800F1DE59 /* Base */,
			);
			name = LaunchScreen.storyboard;
			sourceTree = "<group>";
		};
/* End PBXVariantGroup section */

/* Begin XCBuildConfiguration section */
		434D87BD23116CE800F1DE59 /* Debug */ = {
			isa = XCBuildConfiguration;
			buildSettings = {
				ALWAYS_SEARCH_USER_PATHS = NO;
				CLANG_ANALYZER_NONNULL = YES;
				CLANG_ANALYZER_NUMBER_OBJECT_CONVERSION = YES_AGGRESSIVE;
				CLANG_CXX_LANGUAGE_STANDARD = "gnu++14";
				CLANG_CXX_LIBRARY = "libc++";
				CLANG_ENABLE_MODULES = YES;
				CLANG_ENABLE_OBJC_ARC = YES;
				CLANG_ENABLE_OBJC_WEAK = YES;
				CLANG_WARN_BLOCK_CAPTURE_AUTORELEASING = YES;
				CLANG_WARN_BOOL_CONVERSION = YES;
				CLANG_WARN_COMMA = YES;
				CLANG_WARN_CONSTANT_CONVERSION = YES;
				CLANG_WARN_DEPRECATED_OBJC_IMPLEMENTATIONS = YES;
				CLANG_WARN_DIRECT_OBJC_ISA_USAGE = YES_ERROR;
				CLANG_WARN_DOCUMENTATION_COMMENTS = YES;
				CLANG_WARN_EMPTY_BODY = YES;
				CLANG_WARN_ENUM_CONVERSION = YES;
				CLANG_WARN_INFINITE_RECURSION = YES;
				CLANG_WARN_INT_CONVERSION = YES;
				CLANG_WARN_NON_LITERAL_NULL_CONVERSION = YES;
				CLANG_WARN_OBJC_IMPLICIT_RETAIN_SELF = YES;
				CLANG_WARN_OBJC_LITERAL_CONVERSION = YES;
				CLANG_WARN_OBJC_ROOT_CLASS = YES_ERROR;
				CLANG_WARN_RANGE_LOOP_ANALYSIS = YES;
				CLANG_WARN_STRICT_PROTOTYPES = YES;
				CLANG_WARN_SUSPICIOUS_MOVE = YES;
				CLANG_WARN_UNGUARDED_AVAILABILITY = YES_AGGRESSIVE;
				CLANG_WARN_UNREACHABLE_CODE = YES;
				CLANG_WARN__DUPLICATE_METHOD_MATCH = YES;
				CODE_SIGN_IDENTITY = "iPhone Developer";
				COPY_PHASE_STRIP = NO;
				DEBUG_INFORMATION_FORMAT = dwarf;
				ENABLE_STRICT_OBJC_MSGSEND = YES;
				ENABLE_TESTABILITY = YES;
				GCC_C_LANGUAGE_STANDARD = gnu11;
				GCC_DYNAMIC_NO_PIC = NO;
				GCC_NO_COMMON_BLOCKS = YES;
				GCC_OPTIMIZATION_LEVEL = 0;
				GCC_PREPROCESSOR_DEFINITIONS = (
					"DEBUG=1",
					"$(inherited)",
				);
				GCC_WARN_64_TO_32_BIT_CONVERSION = YES;
				GCC_WARN_ABOUT_RETURN_TYPE = YES_ERROR;
				GCC_WARN_UNDECLARED_SELECTOR = YES;
				GCC_WARN_UNINITIALIZED_AUTOS = YES_AGGRESSIVE;
				GCC_WARN_UNUSED_FUNCTION = YES;
				GCC_WARN_UNUSED_VARIABLE = YES;
				IPHONEOS_DEPLOYMENT_TARGET = 12.1;
				MTL_ENABLE_DEBUG_INFO = INCLUDE_SOURCE;
				MTL_FAST_MATH = YES;
				ONLY_ACTIVE_ARCH = YES;
				SDKROOT = iphoneos;
				SWIFT_ACTIVE_COMPILATION_CONDITIONS = DEBUG;
				SWIFT_OPTIMIZATION_LEVEL = "-Onone";
			};
			name = Debug;
		};
		434D87BE23116CE800F1DE59 /* Release */ = {
			isa = XCBuildConfiguration;
			buildSettings = {
				ALWAYS_SEARCH_USER_PATHS = NO;
				CLANG_ANALYZER_NONNULL = YES;
				CLANG_ANALYZER_NUMBER_OBJECT_CONVERSION = YES_AGGRESSIVE;
				CLANG_CXX_LANGUAGE_STANDARD = "gnu++14";
				CLANG_CXX_LIBRARY = "libc++";
				CLANG_ENABLE_MODULES = YES;
				CLANG_ENABLE_OBJC_ARC = YES;
				CLANG_ENABLE_OBJC_WEAK = YES;
				CLANG_WARN_BLOCK_CAPTURE_AUTORELEASING = YES;
				CLANG_WARN_BOOL_CONVERSION = YES;
				CLANG_WARN_COMMA = YES;
				CLANG_WARN_CONSTANT_CONVERSION = YES;
				CLANG_WARN_DEPRECATED_OBJC_IMPLEMENTATIONS = YES;
				CLANG_WARN_DIRECT_OBJC_ISA_USAGE = YES_ERROR;
				CLANG_WARN_DOCUMENTATION_COMMENTS = YES;
				CLANG_WARN_EMPTY_BODY = YES;
				CLANG_WARN_ENUM_CONVERSION = YES;
				CLANG_WARN_INFINITE_RECURSION = YES;
				CLANG_WARN_INT_CONVERSION = YES;
				CLANG_WARN_NON_LITERAL_NULL_CONVERSION = YES;
				CLANG_WARN_OBJC_IMPLICIT_RETAIN_SELF = YES;
				CLANG_WARN_OBJC_LITERAL_CONVERSION = YES;
				CLANG_WARN_OBJC_ROOT_CLASS = YES_ERROR;
				CLANG_WARN_RANGE_LOOP_ANALYSIS = YES;
				CLANG_WARN_STRICT_PROTOTYPES = YES;
				CLANG_WARN_SUSPICIOUS_MOVE = YES;
				CLANG_WARN_UNGUARDED_AVAILABILITY = YES_AGGRESSIVE;
				CLANG_WARN_UNREACHABLE_CODE = YES;
				CLANG_WARN__DUPLICATE_METHOD_MATCH = YES;
				CODE_SIGN_IDENTITY = "iPhone Developer";
				COPY_PHASE_STRIP = NO;
				DEBUG_INFORMATION_FORMAT = "dwarf-with-dsym";
				ENABLE_NS_ASSERTIONS = NO;
				ENABLE_STRICT_OBJC_MSGSEND = YES;
				GCC_C_LANGUAGE_STANDARD = gnu11;
				GCC_NO_COMMON_BLOCKS = YES;
				GCC_WARN_64_TO_32_BIT_CONVERSION = YES;
				GCC_WARN_ABOUT_RETURN_TYPE = YES_ERROR;
				GCC_WARN_UNDECLARED_SELECTOR = YES;
				GCC_WARN_UNINITIALIZED_AUTOS = YES_AGGRESSIVE;
				GCC_WARN_UNUSED_FUNCTION = YES;
				GCC_WARN_UNUSED_VARIABLE = YES;
				IPHONEOS_DEPLOYMENT_TARGET = 12.1;
				MTL_ENABLE_DEBUG_INFO = NO;
				MTL_FAST_MATH = YES;
				SDKROOT = iphoneos;
				SWIFT_COMPILATION_MODE = wholemodule;
				SWIFT_OPTIMIZATION_LEVEL = "-O";
				VALIDATE_PRODUCT = YES;
			};
			name = Release;
		};
		434D87C023116CE800F1DE59 /* Debug */ = {
			isa = XCBuildConfiguration;
			buildSettings = {
				ASSETCATALOG_COMPILER_APPICON_NAME = AppIcon;
				CODE_SIGN_STYLE = Automatic;
				DEVELOPMENT_TEAM = 885LR8YVNT;
				INFOPLIST_FILE = Gaana/Info.plist;
				LD_RUNPATH_SEARCH_PATHS = (
					"$(inherited)",
					"@executable_path/Frameworks",
				);
				PRODUCT_BUNDLE_IDENTIFIER = com.pawan.Gaana;
				PRODUCT_NAME = "$(TARGET_NAME)";
				SWIFT_VERSION = 4.2;
				TARGETED_DEVICE_FAMILY = "1,2";
			};
			name = Debug;
		};
		434D87C123116CE800F1DE59 /* Release */ = {
			isa = XCBuildConfiguration;
			buildSettings = {
				ASSETCATALOG_COMPILER_APPICON_NAME = AppIcon;
				CODE_SIGN_STYLE = Automatic;
				DEVELOPMENT_TEAM = 885LR8YVNT;
				INFOPLIST_FILE = Gaana/Info.plist;
				LD_RUNPATH_SEARCH_PATHS = (
					"$(inherited)",
					"@executable_path/Frameworks",
				);
				PRODUCT_BUNDLE_IDENTIFIER = com.pawan.Gaana;
				PRODUCT_NAME = "$(TARGET_NAME)";
				SWIFT_VERSION = 4.2;
				TARGETED_DEVICE_FAMILY = "1,2";
			};
			name = Release;
		};
		43EB24BA2312BAA10061472C /* Debug */ = {
			isa = XCBuildConfiguration;
			buildSettings = {
				BUNDLE_LOADER = "$(TEST_HOST)";
				CODE_SIGN_STYLE = Automatic;
				DEVELOPMENT_TEAM = 885LR8YVNT;
				INFOPLIST_FILE = GaanaTests/Info.plist;
				LD_RUNPATH_SEARCH_PATHS = (
					"$(inherited)",
					"@executable_path/Frameworks",
					"@loader_path/Frameworks",
				);
				PRODUCT_BUNDLE_IDENTIFIER = com.pawan.GaanaTests;
				PRODUCT_NAME = "$(TARGET_NAME)";
				SWIFT_VERSION = 4.2;
				TARGETED_DEVICE_FAMILY = "1,2";
				TEST_HOST = "$(BUILT_PRODUCTS_DIR)/Gaana.app/Gaana";
			};
			name = Debug;
		};
		43EB24BB2312BAA10061472C /* Release */ = {
			isa = XCBuildConfiguration;
			buildSettings = {
				BUNDLE_LOADER = "$(TEST_HOST)";
				CODE_SIGN_STYLE = Automatic;
				DEVELOPMENT_TEAM = 885LR8YVNT;
				INFOPLIST_FILE = GaanaTests/Info.plist;
				LD_RUNPATH_SEARCH_PATHS = (
					"$(inherited)",
					"@executable_path/Frameworks",
					"@loader_path/Frameworks",
				);
				PRODUCT_BUNDLE_IDENTIFIER = com.pawan.GaanaTests;
				PRODUCT_NAME = "$(TARGET_NAME)";
				SWIFT_VERSION = 4.2;
				TARGETED_DEVICE_FAMILY = "1,2";
				TEST_HOST = "$(BUILT_PRODUCTS_DIR)/Gaana.app/Gaana";
			};
			name = Release;
		};
/* End XCBuildConfiguration section */

/* Begin XCConfigurationList section */
		434D87A823116CE600F1DE59 /* Build configuration list for PBXProject "Gaana" */ = {
			isa = XCConfigurationList;
			buildConfigurations = (
				434D87BD23116CE800F1DE59 /* Debug */,
				434D87BE23116CE800F1DE59 /* Release */,
			);
			defaultConfigurationIsVisible = 0;
			defaultConfigurationName = Release;
		};
		434D87BF23116CE800F1DE59 /* Build configuration list for PBXNativeTarget "Gaana" */ = {
			isa = XCConfigurationList;
			buildConfigurations = (
				434D87C023116CE800F1DE59 /* Debug */,
				434D87C123116CE800F1DE59 /* Release */,
			);
			defaultConfigurationIsVisible = 0;
			defaultConfigurationName = Release;
		};
		43EB24B92312BAA10061472C /* Build configuration list for PBXNativeTarget "GaanaTests" */ = {
			isa = XCConfigurationList;
			buildConfigurations = (
				43EB24BA2312BAA10061472C /* Debug */,
				43EB24BB2312BAA10061472C /* Release */,
			);
			defaultConfigurationIsVisible = 0;
			defaultConfigurationName = Release;
		};
/* End XCConfigurationList section */

/* Begin XCVersionGroup section */
		43A9DCE623194B7400A5A9BE /* GACoreDataContainer.xcdatamodeld */ = {
			isa = XCVersionGroup;
			children = (
				43A9DCE723194B7400A5A9BE /* GACoreDataContainer.xcdatamodel */,
			);
			currentVersion = 43A9DCE723194B7400A5A9BE /* GACoreDataContainer.xcdatamodel */;
			path = GACoreDataContainer.xcdatamodeld;
			sourceTree = "<group>";
			versionGroupType = wrapper.xcdatamodel;
		};
/* End XCVersionGroup section */
	};
	rootObject = 434D87A523116CE600F1DE59 /* Project object */;
}
